{
  "name": "repo-rescue-mcp-stdio",
  "version": "0.1.0",
  "lockfileVersion": 3,
  "requires": true,
  "packages": {
    "": {
      "name": "repo-rescue-mcp-stdio",
      "version": "0.1.0",
      "dependencies": {
        "pyodide": "314.0.2"
      },
      "bin": {
        "repo-rescue-mcp-stdio": "stdio-server.mjs"
      },
      "engines": {
        "node": ">=18"
      }
    },
    "node_modules/@types/emscripten": {
      "version": "1.41.5",
      "resolved": "https://registry.npmjs.org/@types/emscripten/-/emscripten-1.41.5.tgz",
      "integrity": "sha512-cMQm7pxu6BxtHyqJ7mQZ2kXWV5SLmugybFdHCBbJ5eHzOo6VhBckEgAT3//rP5FwPHNPeEiq4SmQ5ucBwsOo4Q==",
      "license": "MIT"
    },
    "node_modules/pyodide": {
      "version": "314.0.2",
      "resolved": "https://registry.npmjs.org/pyodide/-/pyodide-314.0.2.tgz",
      "integrity": "sha512-rXkXOriXhzRkEV/coVGELjz4da77oNQEOu8hOf8dtBHEKOzqoIAmSJGeKuPl4wbLDv9EDibfKOchnC73CVX4DQ==",
      "license": "MPL-2.0",
      "dependencies": {
        "@types/emscripten": "^1.41.4",
        "ws": "^8.5.0"
      },
      "engines": {
        "node": ">=18.0.0"
      }
    },
    "node_modules/ws": {
      "version": "8.21.1",
      "resolved": "https://registry.npmjs.org/ws/-/ws-8.21.1.tgz",
      "integrity": "sha512-+0NTnW77fFN/DjQi6k/Sq/Yvk4Sgajw7urW8V+asjXnRgDs9gyGkdb7EzgfhA4goXsRIZKE28fzIXBHEzhuiWw==",
      "license": "MIT",
      "engines": {
        "node": ">=10.0.0"
      },
      "peerDependencies": {
        "bufferutil": "^4.0.1",
        "utf-8-validate": ">=5.0.2"
      },
      "peerDependenciesMeta": {
        "bufferutil": {
          "optional": true
        },
        "utf-8-validate": {
          "optional": true
        }
      }
    }
  }
}
